// !$*UTF8*$!
{
	archiveVersion = 1;
	classes = {
	};
	objectVersion = 55;
	objects = {

/* Begin PBXBuildFile section */
		87C0416E2759451E004D1DD5 /* Tests_iOS.swift in Sources */ = {isa = PBXBuildFile; fileRef = 87C0416D2759451E004D1DD5 /* Tests_iOS.swift */; };
		87C041702759451E004D1DD5 /* Tests_iOSLaunchTests.swift in Sources */ = {isa = PBXBuildFile; fileRef = 87C0416F2759451E004D1DD5 /* Tests_iOSLaunchTests.swift */; };
		87C0417D2759451E004D1DD5 /* Xcode_Cloud_Demo_REDspaceApp.swift in Sources */ = {isa = PBXBuildFile; fileRef = 87C041552759451A004D1DD5 /* Xcode_Cloud_Demo_REDspaceApp.swift */; };
		87C0417F2759451E004D1DD5 /* ContentView.swift in Sources */ = {isa = PBXBuildFile; fileRef = 87C041562759451A004D1DD5 /* ContentView.swift */; };
		87C041812759451E004D1DD5 /* Assets.xcassets in Resources */ = {isa = PBXBuildFile; fileRef = 87C041572759451E004D1DD5 /* Assets.xcassets */; };
		87C5E999275A95AB000CC377 /* ContentViewUnitTests.swift in Sources */ = {isa = PBXBuildFile; fileRef = 87C5E998275A95AB000CC377 /* ContentViewUnitTests.swift */; };
		87C5E99C275A96BC000CC377 /* ViewInspector in Frameworks */ = {isa = PBXBuildFile; productRef = 87C5E99B275A96BC000CC377 /* ViewInspector */; settings = {ATTRIBUTES = (Required, ); }; };
		87C5E99D275A9793000CC377 /* Tests iOS.xctest in Resources */ = {isa = PBXBuildFile; fileRef = 87C041692759451E004D1DD5 /* Tests iOS.xctest */; };
/* End PBXBuildFile section */

/* Begin PBXContainerItemProxy section */
		87C0416A2759451E004D1DD5 /* PBXContainerItemProxy */ = {
			isa = PBXContainerItemProxy;
			containerPortal = 87C041502759451A004D1DD5 /* Project object */;
			proxyType = 1;
			remoteGlobalIDString = 87C0415B2759451E004D1DD5;
			remoteInfo = "Xcode-Cloud-Demo-REDspace (iOS)";
		};
/* End PBXContainerItemProxy section */

/* Begin PBXFileReference section */
		87C041552759451A004D1DD5 /* Xcode_Cloud_Demo_REDspaceApp.swift */ = {isa = PBXFileReference; lastKnownFileType = sourcecode.swift; path = Xcode_Cloud_Demo_REDspaceApp.swift; sourceTree = "<group>"; };
		87C041562759451A004D1DD5 /* ContentView.swift */ = {isa = PBXFileReference; lastKnownFileType = sourcecode.swift; path = ContentView.swift; sourceTree = "<group>"; };
		87C041572759451E004D1DD5 /* Assets.xcassets */ = {isa = PBXFileReference; lastKnownFileType = folder.assetcatalog; path = Assets.xcassets; sourceTree = "<group>"; };
		87C0415C2759451E004D1DD5 /* Xcode-Cloud-Demo-REDspace.app */ = {isa = PBXFileReference; explicitFileType = wrapper.application; includeInIndex = 0; path = "Xcode-Cloud-Demo-REDspace.app"; sourceTree = BUILT_PRODUCTS_DIR; };
		87C041692759451E004D1DD5 /* Tests iOS.xctest */ = {isa = PBXFileReference; explicitFileType = wrapper.cfbundle; includeInIndex = 0; path = "Tests iOS.xctest"; sourceTree = BUILT_PRODUCTS_DIR; };
		87C0416D2759451E004D1DD5 /* Tests_iOS.swift */ = {isa = PBXFileReference; lastKnownFileType = sourcecode.swift; path = Tests_iOS.swift; sourceTree = "<group>"; };
		87C0416F2759451E004D1DD5 /* Tests_iOSLaunchTests.swift */ = {isa = PBXFileReference; lastKnownFileType = sourcecode.swift; path = Tests_iOSLaunchTests.swift; sourceTree = "<group>"; };
		87C5E998275A95AB000CC377 /* ContentViewUnitTests.swift */ = {isa = PBXFileReference; lastKnownFileType = sourcecode.swift; path = ContentViewUnitTests.swift; sourceTree = "<group>"; };
/* End PBXFileReference section */

/* Begin PBXFrameworksBuildPhase section */
		87C041592759451E004D1DD5 /* Frameworks */ = {
			isa = PBXFrameworksBuildPhase;
			buildActionMask = 2147483647;
			files = (
			);
			runOnlyForDeploymentPostprocessing = 0;
		};
		87C041662759451E004D1DD5 /* Frameworks */ = {
			isa = PBXFrameworksBuildPhase;
			buildActionMask = 2147483647;
			files = (
				87C5E99C275A96BC000CC377 /* ViewInspector in Frameworks */,
			);
			runOnlyForDeploymentPostprocessing = 0;
		};
/* End PBXFrameworksBuildPhase section */

/* Begin PBXGroup section */
		87C0414F2759451A004D1DD5 = {
			isa = PBXGroup;
			children = (
				87C041542759451A004D1DD5 /* Shared */,
				87C0416C2759451E004D1DD5 /* Tests iOS */,
				87C0415D2759451E004D1DD5 /* Products */,
				87C5E995275A945D000CC377 /* Frameworks */,
			);
			sourceTree = "<group>";
		};
		87C041542759451A004D1DD5 /* Shared */ = {
			isa = PBXGroup;
			children = (
				87C041552759451A004D1DD5 /* Xcode_Cloud_Demo_REDspaceApp.swift */,
				87C041562759451A004D1DD5 /* ContentView.swift */,
				87C041572759451E004D1DD5 /* Assets.xcassets */,
			);
			path = Shared;
			sourceTree = "<group>";
		};
		87C0415D2759451E004D1DD5 /* Products */ = {
			isa = PBXGroup;
			children = (
				87C0415C2759451E004D1DD5 /* Xcode-Cloud-Demo-REDspace.app */,
				87C041692759451E004D1DD5 /* Tests iOS.xctest */,
			);
			name = Products;
			sourceTree = "<group>";
		};
		87C0416C2759451E004D1DD5 /* Tests iOS */ = {
			isa = PBXGroup;
			children = (
				87C0416D2759451E004D1DD5 /* Tests_iOS.swift */,
				87C0416F2759451E004D1DD5 /* Tests_iOSLaunchTests.swift */,
				87C5E998275A95AB000CC377 /* ContentViewUnitTests.swift */,
			);
			path = "Tests iOS";
			sourceTree = "<group>";
		};
		87C5E995275A945D000CC377 /* Frameworks */ = {
			isa = PBXGroup;
			children = (
			);
			name = Frameworks;
			sourceTree = "<group>";
		};
/* End PBXGroup section */

/* Begin PBXNativeTarget section */
		87C0415B2759451E004D1DD5 /* Xcode-Cloud-Demo-REDspace (iOS) */ = {
			isa = PBXNativeTarget;
			buildConfigurationList = 87C041852759451E004D1DD5 /* Build configuration list for PBXNativeTarget "Xcode-Cloud-Demo-REDspace (iOS)" */;
			buildPhases = (
				87C041582759451E004D1DD5 /* Sources */,
				87C041592759451E004D1DD5 /* Frameworks */,
				87C0415A2759451E004D1DD5 /* Resources */,
			);
			buildRules = (
			);
			dependencies = (
			);
			name = "Xcode-Cloud-Demo-REDspace (iOS)";
			packageProductDependencies = (
			);
			productName = "Xcode-Cloud-Demo-REDspace (iOS)";
			productReference = 87C0415C2759451E004D1DD5 /* Xcode-Cloud-Demo-REDspace.app */;
			productType = "com.apple.product-type.application";
		};
		87C041682759451E004D1DD5 /* Tests iOS */ = {
			isa = PBXNativeTarget;
			buildConfigurationList = 87C0418B2759451E004D1DD5 /* Build configuration list for PBXNativeTarget "Tests iOS" */;
			buildPhases = (
				87C041652759451E004D1DD5 /* Sources */,
				87C041662759451E004D1DD5 /* Frameworks */,
				87C041672759451E004D1DD5 /* Resources */,
			);
			buildRules = (
			);
			dependencies = (
				87C0416B2759451E004D1DD5 /* PBXTargetDependency */,
			);
			name = "Tests iOS";
			packageProductDependencies = (
				87C5E99B275A96BC000CC377 /* ViewInspector */,
			);
			productName = "Tests iOS";
			productReference = 87C041692759451E004D1DD5 /* Tests iOS.xctest */;
			productType = "com.apple.product-type.bundle.ui-testing";
		};
/* End PBXNativeTarget section */

/* Begin PBXProject section */
		87C041502759451A004D1DD5 /* Project object */ = {
			isa = PBXProject;
			attributes = {
				BuildIndependentTargetsInParallel = 1;
				LastSwiftUpdateCheck = 1310;
				LastUpgradeCheck = 1310;
				TargetAttributes = {
					87C0415B2759451E004D1DD5 = {
						CreatedOnToolsVersion = 13.1;
					};
					87C041682759451E004D1DD5 = {
						CreatedOnToolsVersion = 13.1;
						TestTargetID = 87C0415B2759451E004D1DD5;
					};
				};
			};
			buildConfigurationList = 87C041532759451A004D1DD5 /* Build configuration list for PBXProject "Xcode-Cloud-Demo-REDspace" */;
			compatibilityVersion = "Xcode 13.0";
			developmentRegion = en;
			hasScannedForEncodings = 0;
			knownRegions = (
				en,
				Base,
			);
			mainGroup = 87C0414F2759451A004D1DD5;
			packageReferences = (
				87C5E99A275A96BC000CC377 /* XCRemoteSwiftPackageReference "ViewInspector" */,
			);
			productRefGroup = 87C0415D2759451E004D1DD5 /* Products */;
			projectDirPath = "";
			projectRoot = "";
			targets = (
				87C0415B2759451E004D1DD5 /* Xcode-Cloud-Demo-REDspace (iOS) */,
				87C041682759451E004D1DD5 /* Tests iOS */,
			);
		};
/* End PBXProject section */

/* Begin PBXResourcesBuildPhase section */
		87C0415A2759451E004D1DD5 /* Resources */ = {
			isa = PBXResourcesBuildPhase;
			buildActionMask = 2147483647;
			files = (
				87C041812759451E004D1DD5 /* Assets.xcassets in Resources */,
			);
			runOnlyForDeploymentPostprocessing = 0;
		};
		87C041672759451E004D1DD5 /* Resources */ = {
			isa = PBXResourcesBuildPhase;
			buildActionMask = 2147483647;
			files = (
				87C5E99D275A9793000CC377 /* Tests iOS.xctest in Resources */,
			);
			runOnlyForDeploymentPostprocessing = 0;
		};
/* End PBXResourcesBuildPhase section */

/* Begin PBXSourcesBuildPhase section */
		87C041582759451E004D1DD5 /* Sources */ = {
			isa = PBXSourcesBuildPhase;
			buildActionMask = 2147483647;
			files = (
				87C0417F2759451E004D1DD5 /* ContentView.swift in Sources */,
				87C0417D2759451E004D1DD5 /* Xcode_Cloud_Demo_REDspaceApp.swift in Sources */,
			);
			runOnlyForDeploymentPostprocessing = 0;
		};
		87C041652759451E004D1DD5 /* Sources */ = {
			isa = PBXSourcesBuildPhase;
			buildActionMask = 2147483647;
			files = (
				87C041702759451E004D1DD5 /* Tests_iOSLaunchTests.swift in Sources */,
				87C5E999275A95AB000CC377 /* ContentViewUnitTests.swift in Sources */,
				87C0416E2759451E004D1DD5 /* Tests_iOS.swift in Sources */,
			);
			runOnlyForDeploymentPostprocessing = 0;
		};
/* End PBXSourcesBuildPhase section */

/* Begin PBXTargetDependency section */
		87C0416B2759451E004D1DD5 /* PBXTargetDependency */ = {
			isa = PBXTargetDependency;
			target = 87C0415B2759451E004D1DD5 /* Xcode-Cloud-Demo-REDspace (iOS) */;
			targetProxy = 87C0416A2759451E004D1DD5 /* PBXContainerItemProxy */;
		};
/* End PBXTargetDependency section */

/* Begin XCBuildConfiguration section */
		87C041832759451E004D1DD5 /* Debug */ = {
			isa = XCBuildConfiguration;
			buildSettings = {
				ALWAYS_SEARCH_USER_PATHS = NO;
				ASSETCATALOG_COMPILER_APPICON_NAME = AppIcon;
				ASSETCATALOG_COMPILER_INCLUDE_ALL_APPICON_ASSETS = YES;
				CLANG_ANALYZER_NONNULL = YES;
				CLANG_ANALYZER_NUMBER_OBJECT_CONVERSION = YES_AGGRESSIVE;
				CLANG_CXX_LANGUAGE_STANDARD = "gnu++17";
				CLANG_CXX_LIBRARY = "libc++";
				CLANG_ENABLE_MODULES = YES;
				CLANG_ENABLE_OBJC_ARC = YES;
				CLANG_ENABLE_OBJC_WEAK = YES;
				CLANG_WARN_BLOCK_CAPTURE_AUTORELEASING = YES;
				CLANG_WARN_BOOL_CONVERSION = YES;
				CLANG_WARN_COMMA = YES;
				CLANG_WARN_CONSTANT_CONVERSION = YES;
				CLANG_WARN_DEPRECATED_OBJC_IMPLEMENTATIONS = YES;
				CLANG_WARN_DIRECT_OBJC_ISA_USAGE = YES_ERROR;
				CLANG_WARN_DOCUMENTATION_COMMENTS = YES;
				CLANG_WARN_EMPTY_BODY = YES;
				CLANG_WARN_ENUM_CONVERSION = YES;
				CLANG_WARN_INFINITE_RECURSION = YES;
				CLANG_WARN_INT_CONVERSION = YES;
				CLANG_WARN_NON_LITERAL_NULL_CONVERSION = YES;
				CLANG_WARN_OBJC_IMPLICIT_RETAIN_SELF = YES;
				CLANG_WARN_OBJC_LITERAL_CONVERSION = YES;
				CLANG_WARN_OBJC_ROOT_CLASS = YES_ERROR;
				CLANG_WARN_QUOTED_INCLUDE_IN_FRAMEWORK_HEADER = YES;
				CLANG_WARN_RANGE_LOOP_ANALYSIS = YES;
				CLANG_WARN_STRICT_PROTOTYPES = YES;
				CLANG_WARN_SUSPICIOUS_MOVE = YES;
				CLANG_WARN_UNGUARDED_AVAILABILITY = YES_AGGRESSIVE;
				CLANG_WARN_UNREACHABLE_CODE = YES;
				CLANG_WARN__DUPLICATE_METHOD_MATCH = YES;
				COPY_PHASE_STRIP = NO;
				DEBUG_INFORMATION_FORMAT = dwarf;
				ENABLE_STRICT_OBJC_MSGSEND = YES;
				ENABLE_TESTABILITY = YES;
				ENABLE_TESTING_SEARCH_PATHS = YES;
				GCC_C_LANGUAGE_STANDARD = gnu11;
				GCC_DYNAMIC_NO_PIC = NO;
				GCC_NO_COMMON_BLOCKS = YES;
				GCC_OPTIMIZATION_LEVEL = 0;
				GCC_PREPROCESSOR_DEFINITIONS = (
					"DEBUG=1",
					"$(inherited)",
				);
				GCC_WARN_64_TO_32_BIT_CONVERSION = YES;
				GCC_WARN_ABOUT_RETURN_TYPE = YES_ERROR;
				GCC_WARN_UNDECLARED_SELECTOR = YES;
				GCC_WARN_UNINITIALIZED_AUTOS = YES_AGGRESSIVE;
				GCC_WARN_UNUSED_FUNCTION = YES;
				GCC_WARN_UNUSED_VARIABLE = YES;
				MTL_ENABLE_DEBUG_INFO = INCLUDE_SOURCE;
				MTL_FAST_MATH = YES;
				ONLY_ACTIVE_ARCH = YES;
				SWIFT_ACTIVE_COMPILATION_CONDITIONS = DEBUG;
				SWIFT_OPTIMIZATION_LEVEL = "-Onone";
			};
			name = Debug;
		};
		87C041842759451E004D1DD5 /* Release */ = {
			isa = XCBuildConfiguration;
			buildSettings = {
				ALWAYS_SEARCH_USER_PATHS = NO;
				ASSETCATALOG_COMPILER_APPICON_NAME = AppIcon;
				ASSETCATALOG_COMPILER_INCLUDE_ALL_APPICON_ASSETS = YES;
				CLANG_ANALYZER_NONNULL = YES;
				CLANG_ANALYZER_NUMBER_OBJECT_CONVERSION = YES_AGGRESSIVE;
				CLANG_CXX_LANGUAGE_STANDARD = "gnu++17";
				CLANG_CXX_LIBRARY = "libc++";
				CLANG_ENABLE_MODULES = YES;
				CLANG_ENABLE_OBJC_ARC = YES;
				CLANG_ENABLE_OBJC_WEAK = YES;
				CLANG_WARN_BLOCK_CAPTURE_AUTORELEASING = YES;
				CLANG_WARN_BOOL_CONVERSION = YES;
				CLANG_WARN_COMMA = YES;
				CLANG_WARN_CONSTANT_CONVERSION = YES;
				CLANG_WARN_DEPRECATED_OBJC_IMPLEMENTATIONS = YES;
				CLANG_WARN_DIRECT_OBJC_ISA_USAGE = YES_ERROR;
				CLANG_WARN_DOCUMENTATION_COMMENTS = YES;
				CLANG_WARN_EMPTY_BODY = YES;
				CLANG_WARN_ENUM_CONVERSION = YES;
				CLANG_WARN_INFINITE_RECURSION = YES;
				CLANG_WARN_INT_CONVERSION = YES;
				CLANG_WARN_NON_LITERAL_NULL_CONVERSION = YES;
				CLANG_WARN_OBJC_IMPLICIT_RETAIN_SELF = YES;
				CLANG_WARN_OBJC_LITERAL_CONVERSION = YES;
				CLANG_WARN_OBJC_ROOT_CLASS = YES_ERROR;
				CLANG_WARN_QUOTED_INCLUDE_IN_FRAMEWORK_HEADER = YES;
				CLANG_WARN_RANGE_LOOP_ANALYSIS = YES;
				CLANG_WARN_STRICT_PROTOTYPES = YES;
				CLANG_WARN_SUSPICIOUS_MOVE = YES;
				CLANG_WARN_UNGUARDED_AVAILABILITY = YES_AGGRESSIVE;
				CLANG_WARN_UNREACHABLE_CODE = YES;
				CLANG_WARN__DUPLICATE_METHOD_MATCH = YES;
				COPY_PHASE_STRIP = NO;
				DEBUG_INFORMATION_FORMAT = "dwarf-with-dsym";
				ENABLE_NS_ASSERTIONS = NO;
				ENABLE_STRICT_OBJC_MSGSEND = YES;
				ENABLE_TESTING_SEARCH_PATHS = YES;
				GCC_C_LANGUAGE_STANDARD = gnu11;
				GCC_NO_COMMON_BLOCKS = YES;
				GCC_WARN_64_TO_32_BIT_CONVERSION = YES;
				GCC_WARN_ABOUT_RETURN_TYPE = YES_ERROR;
				GCC_WARN_UNDECLARED_SELECTOR = YES;
				GCC_WARN_UNINITIALIZED_AUTOS = YES_AGGRESSIVE;
				GCC_WARN_UNUSED_FUNCTION = YES;
				GCC_WARN_UNUSED_VARIABLE = YES;
				MTL_ENABLE_DEBUG_INFO = NO;
				MTL_FAST_MATH = YES;
				SWIFT_COMPILATION_MODE = wholemodule;
				SWIFT_OPTIMIZATION_LEVEL = "-O";
			};
			name = Release;
		};
		87C041862759451E004D1DD5 /* Debug */ = {
			isa = XCBuildConfiguration;
			buildSettings = {
				ASSETCATALOG_COMPILER_APPICON_NAME = AppIcon;
				ASSETCATALOG_COMPILER_GLOBAL_ACCENT_COLOR_NAME = AccentColor;
				ASSETCATALOG_COMPILER_INCLUDE_ALL_APPICON_ASSETS = YES;
				CODE_SIGN_STYLE = Automatic;
				CURRENT_PROJECT_VERSION = 1;
				DEVELOPMENT_TEAM = 4QECT94D5S;
				ENABLE_PREVIEWS = YES;
				GENERATE_INFOPLIST_FILE = YES;
				INFOPLIST_FILE = "Xcode-Cloud-Demo-REDspace--iOS--Info.plist";
				INFOPLIST_KEY_UIApplicationSceneManifest_Generation = YES;
				INFOPLIST_KEY_UIApplicationSupportsIndirectInputEvents = YES;
				INFOPLIST_KEY_UILaunchScreen_Generation = YES;
				INFOPLIST_KEY_UILaunchStoryboardName = LaunchImage;
				INFOPLIST_KEY_UISupportedInterfaceOrientations_iPad = "UIInterfaceOrientationPortrait UIInterfaceOrientationPortraitUpsideDown UIInterfaceOrientationLandscapeLeft UIInterfaceOrientationLandscapeRight";
				INFOPLIST_KEY_UISupportedInterfaceOrientations_iPhone = "UIInterfaceOrientationPortrait UIInterfaceOrientationLandscapeLeft UIInterfaceOrientationLandscapeRight";
				IPHONEOS_DEPLOYMENT_TARGET = 15.0;
				LD_RUNPATH_SEARCH_PATHS = (
					"$(inherited)",
					"@executable_path/Frameworks",
				);
				MARKETING_VERSION = 1.0;
				PRODUCT_BUNDLE_IDENTIFIER = "com.REDspace.test.Xcode-Cloud-Demo-REDspace";
				PRODUCT_NAME = "Xcode-Cloud-Demo-REDspace";
				SDKROOT = iphoneos;
				SWIFT_EMIT_LOC_STRINGS = YES;
				SWIFT_VERSION = 5.0;
				TARGETED_DEVICE_FAMILY = "1,2";
			};
			name = Debug;
		};
		87C041872759451E004D1DD5 /* Release */ = {
			isa = XCBuildConfiguration;
			buildSettings = {
				ASSETCATALOG_COMPILER_APPICON_NAME = AppIcon;
				ASSETCATALOG_COMPILER_GLOBAL_ACCENT_COLOR_NAME = AccentColor;
				ASSETCATALOG_COMPILER_INCLUDE_ALL_APPICON_ASSETS = YES;
				CODE_SIGN_STYLE = Automatic;
				CURRENT_PROJECT_VERSION = 1;
				DEVELOPMENT_TEAM = 4QECT94D5S;
				ENABLE_PREVIEWS = YES;
				GENERATE_INFOPLIST_FILE = YES;
				INFOPLIST_FILE = "Xcode-Cloud-Demo-REDspace--iOS--Info.plist";
				INFOPLIST_KEY_UIApplicationSceneManifest_Generation = YES;
				INFOPLIST_KEY_UIApplicationSupportsIndirectInputEvents = YES;
				INFOPLIST_KEY_UILaunchScreen_Generation = YES;
				INFOPLIST_KEY_UILaunchStoryboardName = LaunchImage;
				INFOPLIST_KEY_UISupportedInterfaceOrientations_iPad = "UIInterfaceOrientationPortrait UIInterfaceOrientationPortraitUpsideDown UIInterfaceOrientationLandscapeLeft UIInterfaceOrientationLandscapeRight";
				INFOPLIST_KEY_UISupportedInterfaceOrientations_iPhone = "UIInterfaceOrientationPortrait UIInterfaceOrientationLandscapeLeft UIInterfaceOrientationLandscapeRight";
				IPHONEOS_DEPLOYMENT_TARGET = 15.0;
				LD_RUNPATH_SEARCH_PATHS = (
					"$(inherited)",
					"@executable_path/Frameworks",
				);
				MARKETING_VERSION = 1.0;
				PRODUCT_BUNDLE_IDENTIFIER = "com.REDspace.test.Xcode-Cloud-Demo-REDspace";
				PRODUCT_NAME = "Xcode-Cloud-Demo-REDspace";
				SDKROOT = iphoneos;
				SWIFT_EMIT_LOC_STRINGS = YES;
				SWIFT_VERSION = 5.0;
				TARGETED_DEVICE_FAMILY = "1,2";
				VALIDATE_PRODUCT = YES;
			};
			name = Release;
		};
		87C0418C2759451E004D1DD5 /* Debug */ = {
			isa = XCBuildConfiguration;
			buildSettings = {
				ALWAYS_EMBED_SWIFT_STANDARD_LIBRARIES = YES;
				CODE_SIGN_STYLE = Automatic;
				CURRENT_PROJECT_VERSION = 1;
				DEVELOPMENT_TEAM = 4QECT94D5S;
				GENERATE_INFOPLIST_FILE = YES;
				IPHONEOS_DEPLOYMENT_TARGET = 15.0;
				LD_RUNPATH_SEARCH_PATHS = (
					"$(inherited)",
					"@executable_path/Frameworks",
					"@loader_path/Frameworks",
				);
				MARKETING_VERSION = 1.0;
				PRODUCT_BUNDLE_IDENTIFIER = "com.REDspace.test.Tests-iOS";
				PRODUCT_NAME = "$(TARGET_NAME)";
				SDKROOT = iphoneos;
				SWIFT_EMIT_LOC_STRINGS = NO;
				SWIFT_VERSION = 5.0;
				TARGETED_DEVICE_FAMILY = "1,2";
				TEST_TARGET_NAME = "Xcode-Cloud-Demo-REDspace (iOS)";
			};
			name = Debug;
		};
		87C0418D2759451E004D1DD5 /* Release */ = {
			isa = XCBuildConfiguration;
			buildSettings = {
				ALWAYS_EMBED_SWIFT_STANDARD_LIBRARIES = YES;
				CODE_SIGN_STYLE = Automatic;
				CURRENT_PROJECT_VERSION = 1;
				DEVELOPMENT_TEAM = 4QECT94D5S;
				GENERATE_INFOPLIST_FILE = YES;
				IPHONEOS_DEPLOYMENT_TARGET = 15.0;
				LD_RUNPATH_SEARCH_PATHS = (
					"$(inherited)",
					"@executable_path/Frameworks",
					"@loader_path/Frameworks",
				);
				MARKETING_VERSION = 1.0;
				PRODUCT_BUNDLE_IDENTIFIER = "com.REDspace.test.Tests-iOS";
				PRODUCT_NAME = "$(TARGET_NAME)";
				SDKROOT = iphoneos;
				SWIFT_EMIT_LOC_STRINGS = NO;
				SWIFT_VERSION = 5.0;
				TARGETED_DEVICE_FAMILY = "1,2";
				TEST_TARGET_NAME = "Xcode-Cloud-Demo-REDspace (iOS)";
				VALIDATE_PRODUCT = YES;
			};
			name = Release;
		};
/* End XCBuildConfiguration section */

/* Begin XCConfigurationList section */
		87C041532759451A004D1DD5 /* Build configuration list for PBXProject "Xcode-Cloud-Demo-REDspace" */ = {
			isa = XCConfigurationList;
			buildConfigurations = (
				87C041832759451E004D1DD5 /* Debug */,
				87C041842759451E004D1DD5 /* Release */,
			);
			defaultConfigurationIsVisible = 0;
			defaultConfigurationName = Release;
		};
		87C041852759451E004D1DD5 /* Build configuration list for PBXNativeTarget "Xcode-Cloud-Demo-REDspace (iOS)" */ = {
			isa = XCConfigurationList;
			buildConfigurations = (
				87C041862759451E004D1DD5 /* Debug */,
				87C041872759451E004D1DD5 /* Release */,
			);
			defaultConfigurationIsVisible = 0;
			defaultConfigurationName = Release;
		};
		87C0418B2759451E004D1DD5 /* Build configuration list for PBXNativeTarget "Tests iOS" */ = {
			isa = XCConfigurationList;
			buildConfigurations = (
				87C0418C2759451E004D1DD5 /* Debug */,
				87C0418D2759451E004D1DD5 /* Release */,
			);
			defaultConfigurationIsVisible = 0;
			defaultConfigurationName = Release;
		};
/* End XCConfigurationList section */

/* Begin XCRemoteSwiftPackageReference section */
		87C5E99A275A96BC000CC377 /* XCRemoteSwiftPackageReference "ViewInspector" */ = {
			isa = XCRemoteSwiftPackageReference;
			repositoryURL = "https://github.com/nalexn/ViewInspector";
			requirement = {
				branch = master;
				kind = branch;
			};
		};
/* End XCRemoteSwiftPackageReference section */

/* Begin XCSwiftPackageProductDependency section */
		87C5E99B275A96BC000CC377 /* ViewInspector */ = {
			isa = XCSwiftPackageProductDependency;
			package = 87C5E99A275A96BC000CC377 /* XCRemoteSwiftPackageReference "ViewInspector" */;
			productName = ViewInspector;
		};
/* End XCSwiftPackageProductDependency section */
	};
	rootObject = 87C041502759451A004D1DD5 /* Project object */;
}
